
Microsoft Visual Studio Solution File, Format Version 12.00
# Visual Studio Version 16
VisualStudioVersion = 16.0.29905.134
MinimumVisualStudioVersion = 10.0.40219.1
Project("{FAE04EC0-301F-11D3-BF4B-00C04F79EFBC}") = "RouletteAPI", "RouletteAPI\RouletteAPI.csproj", "{DD64774C-8400-4C46-9B53-21AFD939621E}"
EndProject
Global
	GlobalSection(SolutionConfigurationPlatforms) = preSolution
		Debug|Any CPU = Debug|Any CPU
		Release|Any CPU = Release|Any CPU
	EndGlobalSection
	GlobalSection(ProjectConfigurationPlatforms) = postSolution
		{DD64774C-8400-4C46-9B53-21AFD939621E}.Debug|Any CPU.ActiveCfg = Debug|Any CPU
		{DD64774C-8400-4C46-9B53-21AFD939621E}.Debug|Any CPU.Build.0 = Debug|Any CPU
		{DD64774C-8400-4C46-9B53-21AFD939621E}.Release|Any CPU.ActiveCfg = Release|Any CPU
		{DD64774C-8400-4C46-9B53-21AFD939621E}.Release|Any CPU.Build.0 = Release|Any CPU
	EndGlobalSection
	GlobalSection(SolutionProperties) = preSolution
		HideSolutionNode = FALSE
	EndGlobalSection
	GlobalSection(ExtensibilityGlobals) = postSolution
		SolutionGuid = {2289FAFF-1D75-4726-9ED5-B73EB262737F}
	EndGlobalSection
EndGlobal
